# This file is automatically @generated by Poetry 1.7.1 and should not be changed by hand.

[[package]]
name = "attrs"
version = "23.2.0"
description = "Classes Without Boilerplate"
optional = false
python-versions = ">=3.7"
files = [
    {file = "attrs-23.2.0-py3-none-any.whl", hash = "sha256:99b87a485a5820b23b879f04c2305b44b951b502fd64be915879d77a7e8fc6f1"},
    {file = "attrs-23.2.0.tar.gz", hash = "sha256:935dc3b529c262f6cf76e50877d35a4bd3c1de194fd41f47a2b7ae8f19971f30"},
]

[package.extras]
cov = ["attrs[tests]", "coverage[toml] (>=5.3)"]
dev = ["attrs[tests]", "pre-commit"]
docs = ["furo", "myst-parser", "sphinx", "sphinx-notfound-page", "sphinxcontrib-towncrier", "towncrier", "zope-interface"]
tests = ["attrs[tests-no-zope]", "zope-interface"]
tests-mypy = ["mypy (>=1.6)", "pytest-mypy-plugins"]
tests-no-zope = ["attrs[tests-mypy]", "cloudpickle", "hypothesis", "pympler", "pytest (>=4.3.0)", "pytest-xdist[psutil]"]

[[package]]
name = "readma"
version = "1.0.2a0"
description = "Readma? What's Readma?"
optional = false
python-versions = ">=3.8"
files = [
    {file = "readma-1.0.2a0-py3-none-any.whl", hash = "sha256:b0ebd632f6ba38a3118de1286d81b392dcdfa30dbfa758f2623adef6e0490a5b"},
    {file = "readma-1.0.2a0.tar.gz", hash = "sha256:d7bace6d4172249977d4de52ca2b32d826721c68ea656525965d98c92b59f7a3"},
]

[package.extras]
testing = ["flake8 (>=3.9)", "mypy (>=0.910)", "pytest (>=6.0)", "pytest-cov (>=2.0)", "tox (>=3.24)"]

[metadata]
lock-version = "2.0"
python-versions = "^3.10"
content-hash = "a7eec7b1b9278c9d566969357dea6b311169ccf486444bf5bef7d9fa18d20940"
